{
  "meteor": {},
  "dependencies": {
    "basePackages": {
      "streams": {},
      "fastclick": {},
      "device-detection": {
        "git": "https://github.com/mystor/meteor-device-detection",
        "branch": "master"
      },
      "user-status": {},
      "iron-router": {},
      "bootstrap-3": {}
    },
    "packages": {
      "streams": {
        "git": "https://github.com/arunoda/meteor-streams.git",
        "tag": "v0.1.17",
        "commit": "9fcbbc9b7bf542827babc92089c19e730892a22f"
      },
      "fastclick": {
        "git": "https://github.com/percolatestudio/meteor-fastclick",
        "tag": "v0.6.7",
        "commit": "fcb3bfd34d9f6874e626b4e24e8f54107938db41"
      },
      "device-detection": {
        "git": "https://github.com/mystor/meteor-device-detection",
        "branch": "master",
        "commit": "5470a15e295d05e7e340871337a2ff7c7c59a1d6"
      },
      "user-status": {
        "git": "https://github.com/mizzao/meteor-user-status.git",
        "tag": "v0.2.0",
        "commit": "e18cc48440710d0ac23bd1a578974f9142226bf4"
      },
      "iron-router": {
        "git": "https://github.com/EventedMind/iron-router.git",
        "tag": "v0.6.2",
        "commit": "ce56e58b45624dce992490f3a1c10f10d3948bae"
      },
      "bootstrap-3": {
        "git": "https://github.com/mangasocial/meteor-bootstrap-3.git",
        "tag": "v0.3.7",
        "commit": "5dd0d142c870647b910be80bc777b96f0dd45e5e"
      }
    }
  }
}
