{
  "meteor": {},
  "dependencies": {
    "basePackages": {
      "bootstrap-3": {},
      "device-detection": {},
      "fastclick": {},
      "iron-router": {},
      "streams": {},
      "user-status": {},
      "threejs": {
        "git": "https://github.com/foxdog-studios/meteor-threejs",
        "branch": "master"
      }
    },
    "packages": {
      "bootstrap-3": {
        "git": "https://github.com/mangasocial/meteor-bootstrap-3.git",
        "tag": "v3.1.1-1",
        "commit": "63dd38968828bb8963636df93e9a1c45e2dfe67e"
      },
      "device-detection": {
        "git": "https://github.com/mystor/meteor-device-detection.git",
        "tag": "v0.1.5",
        "commit": "4c7c6972aa3568062bb03bc0cabbade8874ce836"
      },
      "fastclick": {
        "git": "https://github.com/percolatestudio/meteor-fastclick",
        "tag": "v0.6.7",
        "commit": "fcb3bfd34d9f6874e626b4e24e8f54107938db41"
      },
      "iron-router": {
        "git": "https://github.com/EventedMind/iron-router.git",
        "tag": "v0.6.4",
        "commit": "927bbaed1b87894fb6fb70807f74ff3a5bd89f29"
      },
      "streams": {
        "git": "https://github.com/arunoda/meteor-streams.git",
        "tag": "v0.1.17",
        "commit": "9fcbbc9b7bf542827babc92089c19e730892a22f"
      },
      "user-status": {
        "git": "https://github.com/mizzao/meteor-user-status.git",
        "tag": "v0.3.4",
        "commit": "741df5e3304807ba42fbe0aca5b8251c5683e1f7"
      },
      "threejs": {
        "git": "https://github.com/foxdog-studios/meteor-threejs",
        "branch": "master",
        "commit": "adcbb1e7cdd573a0f836791e83f02f2c5c5560f4"
      },
      "timesync": {
        "git": "https://github.com/mizzao/meteor-timesync.git",
        "tag": "v0.1.3",
        "commit": "e8c1a76a6c3c10e3d5ec86e4c0b5ec45b7beb230"
      }
    }
  }
}
