{
  "meteor": {},
  "dependencies": {
    "basePackages": {
      "audiocontext-monkeypatch": {
        "git": "https://github.com/foxdog-studios/meteor-AudioContext-MonkeyPatch.git",
        "branch": "master"
      },
      "bootstrap-3": {},
      "device-detection": {},
      "iron-router": {},
      "keycodes": {},
      "meteor-threejs": {
        "git": "git@github.com:foxdog-studios/meteor-threejs.git",
        "branch": "master"
      },
      "power-queue": {},
      "streams": {},
      "user-status": {},
      "webrtc-signalling": {
        "git": "https://github.com/foxdog-studios/meteor-webrtc",
        "branch": "master"
      },
      "sequencer": {}
    },
    "packages": {
      "audiocontext-monkeypatch": {
        "git": "https://github.com/foxdog-studios/meteor-AudioContext-MonkeyPatch.git",
        "branch": "master",
        "commit": "eb0e84a52ca076781afebdb1659f77411565cf8e"
      },
      "bootstrap-3": {
        "git": "https://github.com/mangasocial/meteor-bootstrap-3.git",
        "tag": "v3.1.1-1",
        "commit": "63dd38968828bb8963636df93e9a1c45e2dfe67e"
      },
      "device-detection": {
        "git": "https://github.com/mystor/meteor-device-detection.git",
        "tag": "v0.1.6",
        "commit": "a7909c2319a694b9caa959164485d7413dced435"
      },
      "iron-router": {
        "git": "https://github.com/EventedMind/iron-router.git",
        "tag": "v0.7.1",
        "commit": "d1ffb3f06ea4c112132b030f2eb1a70b81675ecb"
      },
      "keycodes": {
        "git": "https://github.com/foxdog-studios/meteor-keycodes.git",
        "tag": "v0.2.0",
        "commit": "0c155fb447ffdbc5ecf8cc1ad4e3726ebed552e7"
      },
      "meteor-threejs": {
        "git": "git@github.com:foxdog-studios/meteor-threejs.git",
        "branch": "master",
        "commit": "470bdd2ab786386482797956774e0857390fcc31"
      },
      "power-queue": {
        "git": "https://github.com/CollectionFS/Meteor-power-queue.git",
        "tag": "v0.9.9",
        "commit": "567d3905784a8be6aacfbb69d477003ba9b5c4b5"
      },
      "streams": {
        "git": "https://github.com/arunoda/meteor-streams.git",
        "tag": "v0.1.17",
        "commit": "9fcbbc9b7bf542827babc92089c19e730892a22f"
      },
      "user-status": {
        "git": "https://github.com/mizzao/meteor-user-status.git",
        "tag": "v0.4.0",
        "commit": "e2a1c7a4075f28b87b361387688e083a4b047a08"
      },
      "webrtc-signalling": {
        "git": "https://github.com/foxdog-studios/meteor-webrtc",
        "branch": "master",
        "commit": "dd7db4a0e2840f549888f3c99d5aaf8b26703691"
      },
      "sequencer": {
        "git": "https://github.com/foxdog-studios/meteor-sequencer.git",
        "tag": "v0.0.5",
        "commit": "d0c9733c7498bb4729f5439e5586795b66cbcbbd"
      },
      "blaze-layout": {
        "git": "https://github.com/EventedMind/blaze-layout.git",
        "tag": "v0.2.4",
        "commit": "b40e9b0612329288d75cf52ad14a7da64bb8618f"
      },
      "reactive-property": {
        "git": "https://github.com/CollectionFS/Meteor-reactive-property.git",
        "tag": "v0.0.1",
        "commit": "f742b8656bb88fafff2a9c3a32ff1f97b3ebf2f7"
      },
      "micro-queue": {
        "git": "https://github.com/CollectionFS/Meteor-micro-queue.git",
        "tag": "v0.0.3",
        "commit": "70266ce2c273a12c5af17b5c056253936caabb01"
      },
      "reactive-list": {
        "git": "https://github.com/CollectionFS/Meteor-reactive-list.git",
        "tag": "v0.0.7",
        "commit": "5855e3795947145b20a331250113ce927060445b"
      },
      "timesync": {
        "git": "https://github.com/mizzao/meteor-timesync.git",
        "tag": "v0.1.6",
        "commit": "83067433f511bc13a11ae8c87e9a4d331256915e"
      }
    }
  }
}
